<?xml version="1.0" encoding="utf-8"?>
<Project ToolsVersion="4.0" xmlns="http://schemas.microsoft.com/developer/msbuild/2003">
  <ItemGroup>
    <Filter Include="lib">
      <UniqueIdentifier>{62c341f9-83c6-4a04-a3ad-1109a09e80a4}</UniqueIdentifier>
    </Filter>
    <Filter Include="lib\core">
      <UniqueIdentifier>{be4a1043-add3-4198-8512-f22ed306eb63}</UniqueIdentifier>
    </Filter>
    <Filter Include="lib\core\src">
      <UniqueIdentifier>{d16b60cb-f7b1-4593-b9c2-bbd4a3dd90d1}</UniqueIdentifier>
    </Filter>
    <Filter Include="lib\core\src\thread">
      <UniqueIdentifier>{f4bfcd02-285e-4a9e-ad29-05738e9676fc}</UniqueIdentifier>
    </Filter>
    <Filter Include="lib\core\src\log">
      <UniqueIdentifier>{8a74c8f9-3fc4-461e-b9ed-21c7fb17fb90}</UniqueIdentifier>
    </Filter>
    <Filter Include="lib\core\src\util">
      <UniqueIdentifier>{4cf7d337-f3ea-446b-8800-0cfe68294a09}</UniqueIdentifier>
    </Filter>
  </ItemGroup>
  <ItemGroup>
    <ClCompile Include="..\..\CMakeLists.txt" />
    <ClCompile Include="..\..\lib\core\src\test.cpp">
      <Filter>lib\core\src</Filter>
    </ClCompile>
    <ClCompile Include="..\..\lib\core\src\CMakeLists.txt">
      <Filter>lib\core\src</Filter>
    </ClCompile>
    <ClCompile Include="..\..\lib\core\src\log\logFile.cpp">
      <Filter>lib\core\src\log</Filter>
    </ClCompile>
    <ClCompile Include="..\..\lib\core\src\log\logger.cpp">
      <Filter>lib\core\src\log</Filter>
    </ClCompile>
  </ItemGroup>
  <ItemGroup>
    <None Include="..\..\build.sh" />
  </ItemGroup>
  <ItemGroup>
    <ClInclude Include="..\..\lib\core\src\thread\Atomic.h">
      <Filter>lib\core\src\thread</Filter>
    </ClInclude>
    <ClInclude Include="..\..\lib\core\src\thread\ConditionVariable.h">
      <Filter>lib\core\src\thread</Filter>
    </ClInclude>
    <ClInclude Include="..\..\lib\core\src\thread\Future.h">
      <Filter>lib\core\src\thread</Filter>
    </ClInclude>
    <ClInclude Include="..\..\lib\core\src\thread\Mutex.h">
      <Filter>lib\core\src\thread</Filter>
    </ClInclude>
    <ClInclude Include="..\..\lib\core\src\thread\Thread.h">
      <Filter>lib\core\src\thread</Filter>
    </ClInclude>
    <ClInclude Include="..\..\lib\core\src\thread\ThreadDispatchT.h">
      <Filter>lib\core\src\thread</Filter>
    </ClInclude>
    <ClInclude Include="..\..\lib\core\src\thread\ThreadExitStrategyT.h">
      <Filter>lib\core\src\thread</Filter>
    </ClInclude>
    <ClInclude Include="..\..\lib\core\src\thread\ThreadGroup.h">
      <Filter>lib\core\src\thread</Filter>
    </ClInclude>
    <ClInclude Include="..\..\lib\core\src\thread\ThreadGroupT.h">
      <Filter>lib\core\src\thread</Filter>
    </ClInclude>
    <ClInclude Include="..\..\lib\core\src\thread\ThreadMessageContainerT.h">
      <Filter>lib\core\src\thread</Filter>
    </ClInclude>
    <ClInclude Include="..\..\lib\core\src\thread\ThreadMessageQueueT.h">
      <Filter>lib\core\src\thread</Filter>
    </ClInclude>
    <ClInclude Include="..\..\lib\core\src\thread\ThreadQueueGroupT.h">
      <Filter>lib\core\src\thread</Filter>
    </ClInclude>
    <ClInclude Include="..\..\lib\core\src\log\logFile.hpp">
      <Filter>lib\core\src\log</Filter>
    </ClInclude>
    <ClInclude Include="..\..\lib\core\src\util\SingletonT.h">
      <Filter>lib\core\src\util</Filter>
    </ClInclude>
    <ClInclude Include="..\..\lib\core\src\log\logger.hpp">
      <Filter>lib\core\src\log</Filter>
    </ClInclude>
  </ItemGroup>
</Project>